
Microsoft Visual Studio Solution File, Format Version 12.00
# Visual Studio Version 17
VisualStudioVersion = 17.3.32922.545
MinimumVisualStudioVersion = 10.0.40219.1
Project("{FAE04EC0-301F-11D3-BF4B-00C04F79EFBC}") = "site", "site.csproj", "{027E3EE5-6FFE-4688-99B9-63DBC145DAD0}"
EndProject
Project("{FAE04EC0-301F-11D3-BF4B-00C04F79EFBC}") = "NameCaseLib", "..\NameCaseLib.NET\NameCaseLib\NameCaseLib.csproj", "{AD959283-7562-491C-A23A-C94F96B6C6F2}"
EndProject
Global
	GlobalSection(SolutionConfigurationPlatforms) = preSolution
		Debug|Any CPU = Debug|Any CPU
		Release|Any CPU = Release|Any CPU
	EndGlobalSection
	GlobalSection(ProjectConfigurationPlatforms) = postSolution
		{027E3EE5-6FFE-4688-99B9-63DBC145DAD0}.Debug|Any CPU.ActiveCfg = Debug|Any CPU
		{027E3EE5-6FFE-4688-99B9-63DBC145DAD0}.Debug|Any CPU.Build.0 = Debug|Any CPU
		{027E3EE5-6FFE-4688-99B9-63DBC145DAD0}.Release|Any CPU.ActiveCfg = Release|Any CPU
		{027E3EE5-6FFE-4688-99B9-63DBC145DAD0}.Release|Any CPU.Build.0 = Release|Any CPU
		{AD959283-7562-491C-A23A-C94F96B6C6F2}.Debug|Any CPU.ActiveCfg = Debug|Any CPU
		{AD959283-7562-491C-A23A-C94F96B6C6F2}.Debug|Any CPU.Build.0 = Debug|Any CPU
		{AD959283-7562-491C-A23A-C94F96B6C6F2}.Release|Any CPU.ActiveCfg = Release|Any CPU
		{AD959283-7562-491C-A23A-C94F96B6C6F2}.Release|Any CPU.Build.0 = Release|Any CPU
	EndGlobalSection
	GlobalSection(SolutionProperties) = preSolution
		HideSolutionNode = FALSE
	EndGlobalSection
	GlobalSection(ExtensibilityGlobals) = postSolution
		SolutionGuid = {1E676C43-151D-430E-A320-D7B6F78D15B2}
	EndGlobalSection
EndGlobal
